
Microsoft Visual Studio Solution File, Format Version 12.00
# Visual Studio 14
VisualStudioVersion = 14.0.24720.0
MinimumVisualStudioVersion = 10.0.40219.1
Project("{FAE04EC0-301F-11D3-BF4B-00C04F79EFBC}") = "ProductStore", "ProductStore\ProductStore.csproj", "{CD7B1307-F089-4636-AE91-2D7FA349EE03}"
EndProject
Global
	GlobalSection(SolutionConfigurationPlatforms) = preSolution
		Debug|Any CPU = Debug|Any CPU
		Release|Any CPU = Release|Any CPU
	EndGlobalSection
	GlobalSection(ProjectConfigurationPlatforms) = postSolution
		{CD7B1307-F089-4636-AE91-2D7FA349EE03}.Debug|Any CPU.ActiveCfg = Debug|Any CPU
		{CD7B1307-F089-4636-AE91-2D7FA349EE03}.Debug|Any CPU.Build.0 = Debug|Any CPU
		{CD7B1307-F089-4636-AE91-2D7FA349EE03}.Release|Any CPU.ActiveCfg = Release|Any CPU
		{CD7B1307-F089-4636-AE91-2D7FA349EE03}.Release|Any CPU.Build.0 = Release|Any CPU
	EndGlobalSection
	GlobalSection(SolutionProperties) = preSolution
		HideSolutionNode = FALSE
	EndGlobalSection
EndGlobal
